
Microsoft Visual Studio Solution File, Format Version 12.00
# Visual Studio Version 16
VisualStudioVersion = 16.0.29503.13
MinimumVisualStudioVersion = 10.0.40219.1
Project("{9A19103F-16F7-4668-BE54-9A1E7A4F7556}") = "Gcsb.Connect.AuditLog.Infrastructure", "Gcsb.Connect.AuditLog.Infrastructure\Gcsb.Connect.AuditLog.Infrastructure.csproj", "{C4847D44-103F-4BE3-A299-E877E1DB6AD1}"
EndProject
Project("{FAE04EC0-301F-11D3-BF4B-00C04F79EFBC}") = "Gcsb.Connect.AuditLog.Test", "Gcsb.Connect.AuditLog.Test\Gcsb.Connect.AuditLog.Test.csproj", "{05DEF127-8D1B-4352-9CCC-94C8B54F4186}"
EndProject
Global
	GlobalSection(SolutionConfigurationPlatforms) = preSolution
		Debug|Any CPU = Debug|Any CPU
		Release|Any CPU = Release|Any CPU
	EndGlobalSection
	GlobalSection(ProjectConfigurationPlatforms) = postSolution
		{C4847D44-103F-4BE3-A299-E877E1DB6AD1}.Debug|Any CPU.ActiveCfg = Debug|Any CPU
		{C4847D44-103F-4BE3-A299-E877E1DB6AD1}.Debug|Any CPU.Build.0 = Debug|Any CPU
		{C4847D44-103F-4BE3-A299-E877E1DB6AD1}.Release|Any CPU.ActiveCfg = Release|Any CPU
		{C4847D44-103F-4BE3-A299-E877E1DB6AD1}.Release|Any CPU.Build.0 = Release|Any CPU
		{05DEF127-8D1B-4352-9CCC-94C8B54F4186}.Debug|Any CPU.ActiveCfg = Debug|Any CPU
		{05DEF127-8D1B-4352-9CCC-94C8B54F4186}.Debug|Any CPU.Build.0 = Debug|Any CPU
		{05DEF127-8D1B-4352-9CCC-94C8B54F4186}.Release|Any CPU.ActiveCfg = Release|Any CPU
		{05DEF127-8D1B-4352-9CCC-94C8B54F4186}.Release|Any CPU.Build.0 = Release|Any CPU
	EndGlobalSection
	GlobalSection(SolutionProperties) = preSolution
		HideSolutionNode = FALSE
	EndGlobalSection
	GlobalSection(ExtensibilityGlobals) = postSolution
		SolutionGuid = {4B5E1F3B-096C-4CF4-8126-02C843421720}
	EndGlobalSection
EndGlobal
